
Microsoft Visual Studio Solution File, Format Version 12.00
# Visual Studio Version 17
VisualStudioVersion = 17.2.32519.379
MinimumVisualStudioVersion = 10.0.40219.1
Project("{9A19103F-16F7-4668-BE54-9A1E7A4F7556}") = "KON.OScamService", "KON.OScamService\KON.OScamService.csproj", "{FFFD8C7F-D28C-43AB-BCBF-20677C093E07}"
EndProject
Project("{54435603-DBB4-11D2-8724-00A0C9A8B90C}") = "KON.OScamService.Setup", "KON.OScamService.Setup\KON.OScamService.Setup.vdproj", "{0DBC2CA3-5919-4BC0-9BDA-F02A5C2EC0E7}"
EndProject
Global
	GlobalSection(SolutionConfigurationPlatforms) = preSolution
		Debug|Any CPU = Debug|Any CPU
		Release|Any CPU = Release|Any CPU
	EndGlobalSection
	GlobalSection(ProjectConfigurationPlatforms) = postSolution
		{FFFD8C7F-D28C-43AB-BCBF-20677C093E07}.Debug|Any CPU.ActiveCfg = Debug|Any CPU
		{FFFD8C7F-D28C-43AB-BCBF-20677C093E07}.Debug|Any CPU.Build.0 = Debug|Any CPU
		{FFFD8C7F-D28C-43AB-BCBF-20677C093E07}.Release|Any CPU.ActiveCfg = Release|Any CPU
		{FFFD8C7F-D28C-43AB-BCBF-20677C093E07}.Release|Any CPU.Build.0 = Release|Any CPU
		{0DBC2CA3-5919-4BC0-9BDA-F02A5C2EC0E7}.Debug|Any CPU.ActiveCfg = Debug
		{0DBC2CA3-5919-4BC0-9BDA-F02A5C2EC0E7}.Release|Any CPU.ActiveCfg = Release
	EndGlobalSection
	GlobalSection(SolutionProperties) = preSolution
		HideSolutionNode = FALSE
	EndGlobalSection
	GlobalSection(ExtensibilityGlobals) = postSolution
		SolutionGuid = {661B3543-9F12-48A9-89A3-70C926012E01}
	EndGlobalSection
EndGlobal
